// !$*UTF8*$!
{
	archiveVersion = 1;
	classes = {
	};
	objectVersion = 50;
	objects = {

/* Begin PBXBuildFile section */
		003E1C1223D5BB9600C9637A /* Coordinator.swift in Sources */ = {isa = PBXBuildFile; fileRef = 003E1C1123D5BB9600C9637A /* Coordinator.swift */; };
		003E1C1423D5BBB800C9637A /* ApplicationCoordinator.swift in Sources */ = {isa = PBXBuildFile; fileRef = 003E1C1323D5BBB800C9637A /* ApplicationCoordinator.swift */; };
		005ED54823F6942B00713DCC /* Router.swift in Sources */ = {isa = PBXBuildFile; fileRef = 005ED54723F6942B00713DCC /* Router.swift */; };
		006BC7CC23CF0CCA00B34C1B /* AppDelegate.swift in Sources */ = {isa = PBXBuildFile; fileRef = 006BC7CB23CF0CCA00B34C1B /* AppDelegate.swift */; };
		006BC7D523CF0CCF00B34C1B /* Assets.xcassets in Resources */ = {isa = PBXBuildFile; fileRef = 006BC7D423CF0CCF00B34C1B /* Assets.xcassets */; };
		006BC7D823CF0CCF00B34C1B /* LaunchScreen.storyboard in Resources */ = {isa = PBXBuildFile; fileRef = 006BC7D623CF0CCF00B34C1B /* LaunchScreen.storyboard */; };
		00731BCA23F6F79000AC1A51 /* FadeAnimator.swift in Sources */ = {isa = PBXBuildFile; fileRef = 00731BC923F6F79000AC1A51 /* FadeAnimator.swift */; };
		00731BCC23F6F79F00AC1A51 /* Animator.swift in Sources */ = {isa = PBXBuildFile; fileRef = 00731BCB23F6F79F00AC1A51 /* Animator.swift */; };
		00731BD323FA87EC00AC1A51 /* Transition.swift in Sources */ = {isa = PBXBuildFile; fileRef = 00731BD023FA87EC00AC1A51 /* Transition.swift */; };
		00731BE023FC05B500AC1A51 /* ModalCoordinator.swift in Sources */ = {isa = PBXBuildFile; fileRef = 00731BDF23FC05B500AC1A51 /* ModalCoordinator.swift */; };
		00731BE323FC068F00AC1A51 /* InitialController.swift in Sources */ = {isa = PBXBuildFile; fileRef = 00731BE223FC068F00AC1A51 /* InitialController.swift */; };
		00731BE523FC079100AC1A51 /* FinishController.swift in Sources */ = {isa = PBXBuildFile; fileRef = 00731BE423FC079100AC1A51 /* FinishController.swift */; };
		0097D3D923F4006F0097DD9D /* AuthorizationCoordinator.swift in Sources */ = {isa = PBXBuildFile; fileRef = 0097D3D823F4006F0097DD9D /* AuthorizationCoordinator.swift */; };
		00D1BA0323F5ABD90019A2D8 /* BaseViewController.swift in Sources */ = {isa = PBXBuildFile; fileRef = 00D1BA0223F5ABD90019A2D8 /* BaseViewController.swift */; };
		00D1BA0523F5AD640019A2D8 /* AuthViewController.swift in Sources */ = {isa = PBXBuildFile; fileRef = 00D1BA0423F5AD640019A2D8 /* AuthViewController.swift */; };
		00D1BA0923F5B0480019A2D8 /* signupController.swift in Sources */ = {isa = PBXBuildFile; fileRef = 00D1BA0823F5B0480019A2D8 /* signupController.swift */; };
		00D1BA0C23F5B0E00019A2D8 /* ForgotPassword.swift in Sources */ = {isa = PBXBuildFile; fileRef = 00D1BA0B23F5B0E00019A2D8 /* ForgotPassword.swift */; };
		00D1BA0F23F5B12D0019A2D8 /* ProfileViewController.swift in Sources */ = {isa = PBXBuildFile; fileRef = 00D1BA0E23F5B12D0019A2D8 /* ProfileViewController.swift */; };
/* End PBXBuildFile section */

/* Begin PBXFileReference section */
		003E1C1123D5BB9600C9637A /* Coordinator.swift */ = {isa = PBXFileReference; lastKnownFileType = sourcecode.swift; path = Coordinator.swift; sourceTree = "<group>"; };
		003E1C1323D5BBB800C9637A /* ApplicationCoordinator.swift */ = {isa = PBXFileReference; lastKnownFileType = sourcecode.swift; path = ApplicationCoordinator.swift; sourceTree = "<group>"; };
		005ED54723F6942B00713DCC /* Router.swift */ = {isa = PBXFileReference; lastKnownFileType = sourcecode.swift; path = Router.swift; sourceTree = "<group>"; };
		006BC7C823CF0CCA00B34C1B /* ArchitectureTest.app */ = {isa = PBXFileReference; explicitFileType = wrapper.application; includeInIndex = 0; path = ArchitectureTest.app; sourceTree = BUILT_PRODUCTS_DIR; };
		006BC7CB23CF0CCA00B34C1B /* AppDelegate.swift */ = {isa = PBXFileReference; lastKnownFileType = sourcecode.swift; path = AppDelegate.swift; sourceTree = "<group>"; };
		006BC7D423CF0CCF00B34C1B /* Assets.xcassets */ = {isa = PBXFileReference; lastKnownFileType = folder.assetcatalog; path = Assets.xcassets; sourceTree = "<group>"; };
		006BC7D723CF0CCF00B34C1B /* Base */ = {isa = PBXFileReference; lastKnownFileType = file.storyboard; name = Base; path = Base.lproj/LaunchScreen.storyboard; sourceTree = "<group>"; };
		006BC7D923CF0CCF00B34C1B /* Info.plist */ = {isa = PBXFileReference; lastKnownFileType = text.plist.xml; path = Info.plist; sourceTree = "<group>"; };
		00731BC923F6F79000AC1A51 /* FadeAnimator.swift */ = {isa = PBXFileReference; fileEncoding = 4; lastKnownFileType = sourcecode.swift; path = FadeAnimator.swift; sourceTree = "<group>"; };
		00731BCB23F6F79F00AC1A51 /* Animator.swift */ = {isa = PBXFileReference; fileEncoding = 4; lastKnownFileType = sourcecode.swift; path = Animator.swift; sourceTree = "<group>"; };
		00731BD023FA87EC00AC1A51 /* Transition.swift */ = {isa = PBXFileReference; fileEncoding = 4; lastKnownFileType = sourcecode.swift; path = Transition.swift; sourceTree = "<group>"; };
		00731BDF23FC05B500AC1A51 /* ModalCoordinator.swift */ = {isa = PBXFileReference; lastKnownFileType = sourcecode.swift; path = ModalCoordinator.swift; sourceTree = "<group>"; };
		00731BE223FC068F00AC1A51 /* InitialController.swift */ = {isa = PBXFileReference; lastKnownFileType = sourcecode.swift; path = InitialController.swift; sourceTree = "<group>"; };
		00731BE423FC079100AC1A51 /* FinishController.swift */ = {isa = PBXFileReference; lastKnownFileType = sourcecode.swift; path = FinishController.swift; sourceTree = "<group>"; };
		0097D3D823F4006F0097DD9D /* AuthorizationCoordinator.swift */ = {isa = PBXFileReference; lastKnownFileType = sourcecode.swift; path = AuthorizationCoordinator.swift; sourceTree = "<group>"; };
		00D1BA0223F5ABD90019A2D8 /* BaseViewController.swift */ = {isa = PBXFileReference; lastKnownFileType = sourcecode.swift; path = BaseViewController.swift; sourceTree = "<group>"; };
		00D1BA0423F5AD640019A2D8 /* AuthViewController.swift */ = {isa = PBXFileReference; lastKnownFileType = sourcecode.swift; path = AuthViewController.swift; sourceTree = "<group>"; };
		00D1BA0823F5B0480019A2D8 /* signupController.swift */ = {isa = PBXFileReference; lastKnownFileType = sourcecode.swift; path = signupController.swift; sourceTree = "<group>"; };
		00D1BA0B23F5B0E00019A2D8 /* ForgotPassword.swift */ = {isa = PBXFileReference; lastKnownFileType = sourcecode.swift; path = ForgotPassword.swift; sourceTree = "<group>"; };
		00D1BA0E23F5B12D0019A2D8 /* ProfileViewController.swift */ = {isa = PBXFileReference; lastKnownFileType = sourcecode.swift; path = ProfileViewController.swift; sourceTree = "<group>"; };
/* End PBXFileReference section */

/* Begin PBXFrameworksBuildPhase section */
		006BC7C523CF0CCA00B34C1B /* Frameworks */ = {
			isa = PBXFrameworksBuildPhase;
			buildActionMask = 2147483647;
			files = (
			);
			runOnlyForDeploymentPostprocessing = 0;
		};
/* End PBXFrameworksBuildPhase section */

/* Begin PBXGroup section */
		003E1C1023D5BB7B00C9637A /* Coordinators */ = {
			isa = PBXGroup;
			children = (
				00731BCE23FA87EC00AC1A51 /* Transitions */,
				00731BCD23FA879F00AC1A51 /* Routing */,
				003E1C1123D5BB9600C9637A /* Coordinator.swift */,
				003E1C1323D5BBB800C9637A /* ApplicationCoordinator.swift */,
				0097D3D823F4006F0097DD9D /* AuthorizationCoordinator.swift */,
				00731BDF23FC05B500AC1A51 /* ModalCoordinator.swift */,
				005ED54723F6942B00713DCC /* Router.swift */,
			);
			path = Coordinators;
			sourceTree = "<group>";
		};
		006BC7BF23CF0CCA00B34C1B = {
			isa = PBXGroup;
			children = (
				006BC7CA23CF0CCA00B34C1B /* ArchitectureTest */,
				006BC7C923CF0CCA00B34C1B /* Products */,
			);
			sourceTree = "<group>";
		};
		006BC7C923CF0CCA00B34C1B /* Products */ = {
			isa = PBXGroup;
			children = (
				006BC7C823CF0CCA00B34C1B /* ArchitectureTest.app */,
			);
			name = Products;
			sourceTree = "<group>";
		};
		006BC7CA23CF0CCA00B34C1B /* ArchitectureTest */ = {
			isa = PBXGroup;
			children = (
				00D1BA0123F5A9280019A2D8 /* Scenes */,
				003E1C1023D5BB7B00C9637A /* Coordinators */,
				006BC7CB23CF0CCA00B34C1B /* AppDelegate.swift */,
				006BC7D423CF0CCF00B34C1B /* Assets.xcassets */,
				006BC7D623CF0CCF00B34C1B /* LaunchScreen.storyboard */,
				006BC7D923CF0CCF00B34C1B /* Info.plist */,
			);
			path = ArchitectureTest;
			sourceTree = "<group>";
		};
		00731BCD23FA879F00AC1A51 /* Routing */ = {
			isa = PBXGroup;
			children = (
				00731BCB23F6F79F00AC1A51 /* Animator.swift */,
				00731BC923F6F79000AC1A51 /* FadeAnimator.swift */,
			);
			path = Routing;
			sourceTree = "<group>";
		};
		00731BCE23FA87EC00AC1A51 /* Transitions */ = {
			isa = PBXGroup;
			children = (
				00731BD023FA87EC00AC1A51 /* Transition.swift */,
			);
			path = Transitions;
			sourceTree = "<group>";
		};
		00731BE123FC066B00AC1A51 /* Modal */ = {
			isa = PBXGroup;
			children = (
				00731BE223FC068F00AC1A51 /* InitialController.swift */,
				00731BE423FC079100AC1A51 /* FinishController.swift */,
			);
			path = Modal;
			sourceTree = "<group>";
		};
		00D1BA0123F5A9280019A2D8 /* Scenes */ = {
			isa = PBXGroup;
			children = (
				00731BE123FC066B00AC1A51 /* Modal */,
				00D1BA0723F5B03A0019A2D8 /* Main */,
				00D1BA0623F5B0290019A2D8 /* Auth */,
				00D1BA0223F5ABD90019A2D8 /* BaseViewController.swift */,
			);
			path = Scenes;
			sourceTree = "<group>";
		};
		00D1BA0623F5B0290019A2D8 /* Auth */ = {
			isa = PBXGroup;
			children = (
				00D1BA0423F5AD640019A2D8 /* AuthViewController.swift */,
				00D1BA0823F5B0480019A2D8 /* signupController.swift */,
				00D1BA0B23F5B0E00019A2D8 /* ForgotPassword.swift */,
				00D1BA0E23F5B12D0019A2D8 /* ProfileViewController.swift */,
			);
			path = Auth;
			sourceTree = "<group>";
		};
		00D1BA0723F5B03A0019A2D8 /* Main */ = {
			isa = PBXGroup;
			children = (
			);
			path = Main;
			sourceTree = "<group>";
		};
/* End PBXGroup section */

/* Begin PBXNativeTarget section */
		006BC7C723CF0CCA00B34C1B /* ArchitectureTest */ = {
			isa = PBXNativeTarget;
			buildConfigurationList = 006BC7DC23CF0CCF00B34C1B /* Build configuration list for PBXNativeTarget "ArchitectureTest" */;
			buildPhases = (
				006BC7C423CF0CCA00B34C1B /* Sources */,
				006BC7C523CF0CCA00B34C1B /* Frameworks */,
				006BC7C623CF0CCA00B34C1B /* Resources */,
			);
			buildRules = (
			);
			dependencies = (
			);
			name = ArchitectureTest;
			productName = ArchitectureTest;
			productReference = 006BC7C823CF0CCA00B34C1B /* ArchitectureTest.app */;
			productType = "com.apple.product-type.application";
		};
/* End PBXNativeTarget section */

/* Begin PBXProject section */
		006BC7C023CF0CCA00B34C1B /* Project object */ = {
			isa = PBXProject;
			attributes = {
				LastSwiftUpdateCheck = 1130;
				LastUpgradeCheck = 1130;
				ORGANIZATIONNAME = "Yevhenii Boryspolets";
				TargetAttributes = {
					006BC7C723CF0CCA00B34C1B = {
						CreatedOnToolsVersion = 11.3.1;
					};
				};
			};
			buildConfigurationList = 006BC7C323CF0CCA00B34C1B /* Build configuration list for PBXProject "ArchitectureTest" */;
			compatibilityVersion = "Xcode 9.3";
			developmentRegion = en;
			hasScannedForEncodings = 0;
			knownRegions = (
				en,
				Base,
			);
			mainGroup = 006BC7BF23CF0CCA00B34C1B;
			productRefGroup = 006BC7C923CF0CCA00B34C1B /* Products */;
			projectDirPath = "";
			projectRoot = "";
			targets = (
				006BC7C723CF0CCA00B34C1B /* ArchitectureTest */,
			);
		};
/* End PBXProject section */

/* Begin PBXResourcesBuildPhase section */
		006BC7C623CF0CCA00B34C1B /* Resources */ = {
			isa = PBXResourcesBuildPhase;
			buildActionMask = 2147483647;
			files = (
				006BC7D823CF0CCF00B34C1B /* LaunchScreen.storyboard in Resources */,
				006BC7D523CF0CCF00B34C1B /* Assets.xcassets in Resources */,
			);
			runOnlyForDeploymentPostprocessing = 0;
		};
/* End PBXResourcesBuildPhase section */

/* Begin PBXSourcesBuildPhase section */
		006BC7C423CF0CCA00B34C1B /* Sources */ = {
			isa = PBXSourcesBuildPhase;
			buildActionMask = 2147483647;
			files = (
				00731BD323FA87EC00AC1A51 /* Transition.swift in Sources */,
				00731BE323FC068F00AC1A51 /* InitialController.swift in Sources */,
				005ED54823F6942B00713DCC /* Router.swift in Sources */,
				006BC7CC23CF0CCA00B34C1B /* AppDelegate.swift in Sources */,
				003E1C1223D5BB9600C9637A /* Coordinator.swift in Sources */,
				00731BE023FC05B500AC1A51 /* ModalCoordinator.swift in Sources */,
				00731BE523FC079100AC1A51 /* FinishController.swift in Sources */,
				00D1BA0923F5B0480019A2D8 /* signupController.swift in Sources */,
				00D1BA0523F5AD640019A2D8 /* AuthViewController.swift in Sources */,
				0097D3D923F4006F0097DD9D /* AuthorizationCoordinator.swift in Sources */,
				00731BCC23F6F79F00AC1A51 /* Animator.swift in Sources */,
				003E1C1423D5BBB800C9637A /* ApplicationCoordinator.swift in Sources */,
				00731BCA23F6F79000AC1A51 /* FadeAnimator.swift in Sources */,
				00D1BA0323F5ABD90019A2D8 /* BaseViewController.swift in Sources */,
				00D1BA0F23F5B12D0019A2D8 /* ProfileViewController.swift in Sources */,
				00D1BA0C23F5B0E00019A2D8 /* ForgotPassword.swift in Sources */,
			);
			runOnlyForDeploymentPostprocessing = 0;
		};
/* End PBXSourcesBuildPhase section */

/* Begin PBXVariantGroup section */
		006BC7D623CF0CCF00B34C1B /* LaunchScreen.storyboard */ = {
			isa = PBXVariantGroup;
			children = (
				006BC7D723CF0CCF00B34C1B /* Base */,
			);
			name = LaunchScreen.storyboard;
			sourceTree = "<group>";
		};
/* End PBXVariantGroup section */

/* Begin XCBuildConfiguration section */
		006BC7DA23CF0CCF00B34C1B /* Debug */ = {
			isa = XCBuildConfiguration;
			buildSettings = {
				ALWAYS_SEARCH_USER_PATHS = NO;
				CLANG_ANALYZER_NONNULL = YES;
				CLANG_ANALYZER_NUMBER_OBJECT_CONVERSION = YES_AGGRESSIVE;
				CLANG_CXX_LANGUAGE_STANDARD = "gnu++14";
				CLANG_CXX_LIBRARY = "libc++";
				CLANG_ENABLE_MODULES = YES;
				CLANG_ENABLE_OBJC_ARC = YES;
				CLANG_ENABLE_OBJC_WEAK = YES;
				CLANG_WARN_BLOCK_CAPTURE_AUTORELEASING = YES;
				CLANG_WARN_BOOL_CONVERSION = YES;
				CLANG_WARN_COMMA = YES;
				CLANG_WARN_CONSTANT_CONVERSION = YES;
				CLANG_WARN_DEPRECATED_OBJC_IMPLEMENTATIONS = YES;
				CLANG_WARN_DIRECT_OBJC_ISA_USAGE = YES_ERROR;
				CLANG_WARN_DOCUMENTATION_COMMENTS = YES;
				CLANG_WARN_EMPTY_BODY = YES;
				CLANG_WARN_ENUM_CONVERSION = YES;
				CLANG_WARN_INFINITE_RECURSION = YES;
				CLANG_WARN_INT_CONVERSION = YES;
				CLANG_WARN_NON_LITERAL_NULL_CONVERSION = YES;
				CLANG_WARN_OBJC_IMPLICIT_RETAIN_SELF = YES;
				CLANG_WARN_OBJC_LITERAL_CONVERSION = YES;
				CLANG_WARN_OBJC_ROOT_CLASS = YES_ERROR;
				CLANG_WARN_RANGE_LOOP_ANALYSIS = YES;
				CLANG_WARN_STRICT_PROTOTYPES = YES;
				CLANG_WARN_SUSPICIOUS_MOVE = YES;
				CLANG_WARN_UNGUARDED_AVAILABILITY = YES_AGGRESSIVE;
				CLANG_WARN_UNREACHABLE_CODE = YES;
				CLANG_WARN__DUPLICATE_METHOD_MATCH = YES;
				COPY_PHASE_STRIP = NO;
				DEBUG_INFORMATION_FORMAT = dwarf;
				ENABLE_STRICT_OBJC_MSGSEND = YES;
				ENABLE_TESTABILITY = YES;
				GCC_C_LANGUAGE_STANDARD = gnu11;
				GCC_DYNAMIC_NO_PIC = NO;
				GCC_NO_COMMON_BLOCKS = YES;
				GCC_OPTIMIZATION_LEVEL = 0;
				GCC_PREPROCESSOR_DEFINITIONS = (
					"DEBUG=1",
					"$(inherited)",
				);
				GCC_WARN_64_TO_32_BIT_CONVERSION = YES;
				GCC_WARN_ABOUT_RETURN_TYPE = YES_ERROR;
				GCC_WARN_UNDECLARED_SELECTOR = YES;
				GCC_WARN_UNINITIALIZED_AUTOS = YES_AGGRESSIVE;
				GCC_WARN_UNUSED_FUNCTION = YES;
				GCC_WARN_UNUSED_VARIABLE = YES;
				MTL_ENABLE_DEBUG_INFO = INCLUDE_SOURCE;
				MTL_FAST_MATH = YES;
				ONLY_ACTIVE_ARCH = YES;
				SDKROOT = iphoneos;
				SWIFT_ACTIVE_COMPILATION_CONDITIONS = DEBUG;
				SWIFT_OPTIMIZATION_LEVEL = "-Onone";
			};
			name = Debug;
		};
		006BC7DB23CF0CCF00B34C1B /* Release */ = {
			isa = XCBuildConfiguration;
			buildSettings = {
				ALWAYS_SEARCH_USER_PATHS = NO;
				CLANG_ANALYZER_NONNULL = YES;
				CLANG_ANALYZER_NUMBER_OBJECT_CONVERSION = YES_AGGRESSIVE;
				CLANG_CXX_LANGUAGE_STANDARD = "gnu++14";
				CLANG_CXX_LIBRARY = "libc++";
				CLANG_ENABLE_MODULES = YES;
				CLANG_ENABLE_OBJC_ARC = YES;
				CLANG_ENABLE_OBJC_WEAK = YES;
				CLANG_WARN_BLOCK_CAPTURE_AUTORELEASING = YES;
				CLANG_WARN_BOOL_CONVERSION = YES;
				CLANG_WARN_COMMA = YES;
				CLANG_WARN_CONSTANT_CONVERSION = YES;
				CLANG_WARN_DEPRECATED_OBJC_IMPLEMENTATIONS = YES;
				CLANG_WARN_DIRECT_OBJC_ISA_USAGE = YES_ERROR;
				CLANG_WARN_DOCUMENTATION_COMMENTS = YES;
				CLANG_WARN_EMPTY_BODY = YES;
				CLANG_WARN_ENUM_CONVERSION = YES;
				CLANG_WARN_INFINITE_RECURSION = YES;
				CLANG_WARN_INT_CONVERSION = YES;
				CLANG_WARN_NON_LITERAL_NULL_CONVERSION = YES;
				CLANG_WARN_OBJC_IMPLICIT_RETAIN_SELF = YES;
				CLANG_WARN_OBJC_LITERAL_CONVERSION = YES;
				CLANG_WARN_OBJC_ROOT_CLASS = YES_ERROR;
				CLANG_WARN_RANGE_LOOP_ANALYSIS = YES;
				CLANG_WARN_STRICT_PROTOTYPES = YES;
				CLANG_WARN_SUSPICIOUS_MOVE = YES;
				CLANG_WARN_UNGUARDED_AVAILABILITY = YES_AGGRESSIVE;
				CLANG_WARN_UNREACHABLE_CODE = YES;
				CLANG_WARN__DUPLICATE_METHOD_MATCH = YES;
				COPY_PHASE_STRIP = NO;
				DEBUG_INFORMATION_FORMAT = "dwarf-with-dsym";
				ENABLE_NS_ASSERTIONS = NO;
				ENABLE_STRICT_OBJC_MSGSEND = YES;
				GCC_C_LANGUAGE_STANDARD = gnu11;
				GCC_NO_COMMON_BLOCKS = YES;
				GCC_WARN_64_TO_32_BIT_CONVERSION = YES;
				GCC_WARN_ABOUT_RETURN_TYPE = YES_ERROR;
				GCC_WARN_UNDECLARED_SELECTOR = YES;
				GCC_WARN_UNINITIALIZED_AUTOS = YES_AGGRESSIVE;
				GCC_WARN_UNUSED_FUNCTION = YES;
				GCC_WARN_UNUSED_VARIABLE = YES;
				MTL_ENABLE_DEBUG_INFO = NO;
				MTL_FAST_MATH = YES;
				SDKROOT = iphoneos;
				SWIFT_COMPILATION_MODE = wholemodule;
				SWIFT_OPTIMIZATION_LEVEL = "-O";
				VALIDATE_PRODUCT = YES;
			};
			name = Release;
		};
		006BC7DD23CF0CCF00B34C1B /* Debug */ = {
			isa = XCBuildConfiguration;
			buildSettings = {
				ASSETCATALOG_COMPILER_APPICON_NAME = AppIcon;
				CODE_SIGN_STYLE = Automatic;
				DEVELOPMENT_TEAM = 9749P26KBL;
				INFOPLIST_FILE = ArchitectureTest/Info.plist;
				IPHONEOS_DEPLOYMENT_TARGET = 11.0;
				LD_RUNPATH_SEARCH_PATHS = (
					"$(inherited)",
					"@executable_path/Frameworks",
				);
				PRODUCT_BUNDLE_IDENTIFIER = Home.ArchitectureTest;
				PRODUCT_NAME = "$(TARGET_NAME)";
				SWIFT_VERSION = 5.0;
				TARGETED_DEVICE_FAMILY = "1,2";
			};
			name = Debug;
		};
		006BC7DE23CF0CCF00B34C1B /* Release */ = {
			isa = XCBuildConfiguration;
			buildSettings = {
				ASSETCATALOG_COMPILER_APPICON_NAME = AppIcon;
				CODE_SIGN_STYLE = Automatic;
				DEVELOPMENT_TEAM = 9749P26KBL;
				INFOPLIST_FILE = ArchitectureTest/Info.plist;
				IPHONEOS_DEPLOYMENT_TARGET = 11.0;
				LD_RUNPATH_SEARCH_PATHS = (
					"$(inherited)",
					"@executable_path/Frameworks",
				);
				PRODUCT_BUNDLE_IDENTIFIER = Home.ArchitectureTest;
				PRODUCT_NAME = "$(TARGET_NAME)";
				SWIFT_VERSION = 5.0;
				TARGETED_DEVICE_FAMILY = "1,2";
			};
			name = Release;
		};
/* End XCBuildConfiguration section */

/* Begin XCConfigurationList section */
		006BC7C323CF0CCA00B34C1B /* Build configuration list for PBXProject "ArchitectureTest" */ = {
			isa = XCConfigurationList;
			buildConfigurations = (
				006BC7DA23CF0CCF00B34C1B /* Debug */,
				006BC7DB23CF0CCF00B34C1B /* Release */,
			);
			defaultConfigurationIsVisible = 0;
			defaultConfigurationName = Release;
		};
		006BC7DC23CF0CCF00B34C1B /* Build configuration list for PBXNativeTarget "ArchitectureTest" */ = {
			isa = XCConfigurationList;
			buildConfigurations = (
				006BC7DD23CF0CCF00B34C1B /* Debug */,
				006BC7DE23CF0CCF00B34C1B /* Release */,
			);
			defaultConfigurationIsVisible = 0;
			defaultConfigurationName = Release;
		};
/* End XCConfigurationList section */
	};
	rootObject = 006BC7C023CF0CCA00B34C1B /* Project object */;
}
